// !$*UTF8*$!
{
	archiveVersion = 1;
	classes = {
	};
	objectVersion = 55;
	objects = {

/* Begin PBXBuildFile section */
		890919CC28A44B06004CDA01 /* SourceLinkView.swift in Sources */ = {isa = PBXBuildFile; fileRef = 890919CB28A44B06004CDA01 /* SourceLinkView.swift */; };
		890919CF28A44DA6004CDA01 /* FruitNutrientView.swift in Sources */ = {isa = PBXBuildFile; fileRef = 890919CE28A44DA6004CDA01 /* FruitNutrientView.swift */; };
		890919D128A451B4004CDA01 /* SettingsView.swift in Sources */ = {isa = PBXBuildFile; fileRef = 890919D028A451B4004CDA01 /* SettingsView.swift */; };
		890919D328A45601004CDA01 /* SettingsLabelView.swift in Sources */ = {isa = PBXBuildFile; fileRef = 890919D228A45601004CDA01 /* SettingsLabelView.swift */; };
		890919D528A45A88004CDA01 /* SettingsRowView.swift in Sources */ = {isa = PBXBuildFile; fileRef = 890919D428A45A88004CDA01 /* SettingsRowView.swift */; };
		896F3B7B28A3096C00DA66F1 /* FruitModel.swift in Sources */ = {isa = PBXBuildFile; fileRef = 896F3B7A28A3096C00DA66F1 /* FruitModel.swift */; };
		896F3B7E28A30A5100DA66F1 /* FruitData.swift in Sources */ = {isa = PBXBuildFile; fileRef = 896F3B7D28A30A5100DA66F1 /* FruitData.swift */; };
		896F3B8028A314D800DA66F1 /* FruitRowView.swift in Sources */ = {isa = PBXBuildFile; fileRef = 896F3B7F28A314D800DA66F1 /* FruitRowView.swift */; };
		896F3B8228A3181D00DA66F1 /* FruitDetailView.swift in Sources */ = {isa = PBXBuildFile; fileRef = 896F3B8128A3181D00DA66F1 /* FruitDetailView.swift */; };
		896F3B8428A31B0000DA66F1 /* FruitHeaderView.swift in Sources */ = {isa = PBXBuildFile; fileRef = 896F3B8328A31B0000DA66F1 /* FruitHeaderView.swift */; };
		89878FB028A2FEA6007915DB /* FruitCardView.swift in Sources */ = {isa = PBXBuildFile; fileRef = 89878FAF28A2FEA6007915DB /* FruitCardView.swift */; };
		89878FB228A302FE007915DB /* StartButtonView.swift in Sources */ = {isa = PBXBuildFile; fileRef = 89878FB128A302FE007915DB /* StartButtonView.swift */; };
		89878FB428A30572007915DB /* OnboardingView.swift in Sources */ = {isa = PBXBuildFile; fileRef = 89878FB328A30572007915DB /* OnboardingView.swift */; };
		898F36F528A1C6BD00FEA0C8 /* FruitsApp.swift in Sources */ = {isa = PBXBuildFile; fileRef = 898F36F428A1C6BD00FEA0C8 /* FruitsApp.swift */; };
		898F36F728A1C6BD00FEA0C8 /* ContentView.swift in Sources */ = {isa = PBXBuildFile; fileRef = 898F36F628A1C6BD00FEA0C8 /* ContentView.swift */; };
		898F36F928A1C6C000FEA0C8 /* Assets.xcassets in Resources */ = {isa = PBXBuildFile; fileRef = 898F36F828A1C6C000FEA0C8 /* Assets.xcassets */; };
		898F36FC28A1C6C000FEA0C8 /* Preview Assets.xcassets in Resources */ = {isa = PBXBuildFile; fileRef = 898F36FB28A1C6C000FEA0C8 /* Preview Assets.xcassets */; };
/* End PBXBuildFile section */

/* Begin PBXFileReference section */
		890919CB28A44B06004CDA01 /* SourceLinkView.swift */ = {isa = PBXFileReference; lastKnownFileType = sourcecode.swift; path = SourceLinkView.swift; sourceTree = "<group>"; };
		890919CD28A44CC2004CDA01 /* Info.plist */ = {isa = PBXFileReference; lastKnownFileType = text.plist; path = Info.plist; sourceTree = "<group>"; };
		890919CE28A44DA6004CDA01 /* FruitNutrientView.swift */ = {isa = PBXFileReference; lastKnownFileType = sourcecode.swift; path = FruitNutrientView.swift; sourceTree = "<group>"; };
		890919D028A451B4004CDA01 /* SettingsView.swift */ = {isa = PBXFileReference; lastKnownFileType = sourcecode.swift; path = SettingsView.swift; sourceTree = "<group>"; };
		890919D228A45601004CDA01 /* SettingsLabelView.swift */ = {isa = PBXFileReference; lastKnownFileType = sourcecode.swift; path = SettingsLabelView.swift; sourceTree = "<group>"; };
		890919D428A45A88004CDA01 /* SettingsRowView.swift */ = {isa = PBXFileReference; lastKnownFileType = sourcecode.swift; path = SettingsRowView.swift; sourceTree = "<group>"; };
		896F3B7A28A3096C00DA66F1 /* FruitModel.swift */ = {isa = PBXFileReference; lastKnownFileType = sourcecode.swift; path = FruitModel.swift; sourceTree = "<group>"; };
		896F3B7D28A30A5100DA66F1 /* FruitData.swift */ = {isa = PBXFileReference; lastKnownFileType = sourcecode.swift; path = FruitData.swift; sourceTree = "<group>"; };
		896F3B7F28A314D800DA66F1 /* FruitRowView.swift */ = {isa = PBXFileReference; lastKnownFileType = sourcecode.swift; path = FruitRowView.swift; sourceTree = "<group>"; };
		896F3B8128A3181D00DA66F1 /* FruitDetailView.swift */ = {isa = PBXFileReference; lastKnownFileType = sourcecode.swift; path = FruitDetailView.swift; sourceTree = "<group>"; };
		896F3B8328A31B0000DA66F1 /* FruitHeaderView.swift */ = {isa = PBXFileReference; lastKnownFileType = sourcecode.swift; path = FruitHeaderView.swift; sourceTree = "<group>"; };
		89878FAF28A2FEA6007915DB /* FruitCardView.swift */ = {isa = PBXFileReference; lastKnownFileType = sourcecode.swift; path = FruitCardView.swift; sourceTree = "<group>"; };
		89878FB128A302FE007915DB /* StartButtonView.swift */ = {isa = PBXFileReference; lastKnownFileType = sourcecode.swift; path = StartButtonView.swift; sourceTree = "<group>"; };
		89878FB328A30572007915DB /* OnboardingView.swift */ = {isa = PBXFileReference; lastKnownFileType = sourcecode.swift; path = OnboardingView.swift; sourceTree = "<group>"; };
		898F36F128A1C6BD00FEA0C8 /* Fruits.app */ = {isa = PBXFileReference; explicitFileType = wrapper.application; includeInIndex = 0; path = Fruits.app; sourceTree = BUILT_PRODUCTS_DIR; };
		898F36F428A1C6BD00FEA0C8 /* FruitsApp.swift */ = {isa = PBXFileReference; lastKnownFileType = sourcecode.swift; path = FruitsApp.swift; sourceTree = "<group>"; };
		898F36F628A1C6BD00FEA0C8 /* ContentView.swift */ = {isa = PBXFileReference; lastKnownFileType = sourcecode.swift; path = ContentView.swift; sourceTree = "<group>"; };
		898F36F828A1C6C000FEA0C8 /* Assets.xcassets */ = {isa = PBXFileReference; lastKnownFileType = folder.assetcatalog; path = Assets.xcassets; sourceTree = "<group>"; };
		898F36FB28A1C6C000FEA0C8 /* Preview Assets.xcassets */ = {isa = PBXFileReference; lastKnownFileType = folder.assetcatalog; path = "Preview Assets.xcassets"; sourceTree = "<group>"; };
/* End PBXFileReference section */

/* Begin PBXFrameworksBuildPhase section */
		898F36EE28A1C6BD00FEA0C8 /* Frameworks */ = {
			isa = PBXFrameworksBuildPhase;
			buildActionMask = 2147483647;
			files = (
			);
			runOnlyForDeploymentPostprocessing = 0;
		};
/* End PBXFrameworksBuildPhase section */

/* Begin PBXGroup section */
		896F3B7928A3095300DA66F1 /* Model */ = {
			isa = PBXGroup;
			children = (
				896F3B7A28A3096C00DA66F1 /* FruitModel.swift */,
			);
			path = Model;
			sourceTree = "<group>";
		};
		896F3B7C28A30A3A00DA66F1 /* Data */ = {
			isa = PBXGroup;
			children = (
				896F3B7D28A30A5100DA66F1 /* FruitData.swift */,
			);
			path = Data;
			sourceTree = "<group>";
		};
		89878FAD28A2FE13007915DB /* App */ = {
			isa = PBXGroup;
			children = (
				898F36F428A1C6BD00FEA0C8 /* FruitsApp.swift */,
				898F36F628A1C6BD00FEA0C8 /* ContentView.swift */,
				89878FB328A30572007915DB /* OnboardingView.swift */,
				896F3B8128A3181D00DA66F1 /* FruitDetailView.swift */,
				890919D028A451B4004CDA01 /* SettingsView.swift */,
			);
			path = App;
			sourceTree = "<group>";
		};
		89878FAE28A2FE7A007915DB /* View */ = {
			isa = PBXGroup;
			children = (
				89878FAF28A2FEA6007915DB /* FruitCardView.swift */,
				89878FB128A302FE007915DB /* StartButtonView.swift */,
				896F3B7F28A314D800DA66F1 /* FruitRowView.swift */,
				896F3B8328A31B0000DA66F1 /* FruitHeaderView.swift */,
				890919CB28A44B06004CDA01 /* SourceLinkView.swift */,
				890919CE28A44DA6004CDA01 /* FruitNutrientView.swift */,
				890919D228A45601004CDA01 /* SettingsLabelView.swift */,
				890919D428A45A88004CDA01 /* SettingsRowView.swift */,
			);
			path = View;
			sourceTree = "<group>";
		};
		898F36E828A1C6BD00FEA0C8 = {
			isa = PBXGroup;
			children = (
				898F36F328A1C6BD00FEA0C8 /* Fruits */,
				898F36F228A1C6BD00FEA0C8 /* Products */,
			);
			sourceTree = "<group>";
		};
		898F36F228A1C6BD00FEA0C8 /* Products */ = {
			isa = PBXGroup;
			children = (
				898F36F128A1C6BD00FEA0C8 /* Fruits.app */,
			);
			name = Products;
			sourceTree = "<group>";
		};
		898F36F328A1C6BD00FEA0C8 /* Fruits */ = {
			isa = PBXGroup;
			children = (
				890919CD28A44CC2004CDA01 /* Info.plist */,
				896F3B7C28A30A3A00DA66F1 /* Data */,
				896F3B7928A3095300DA66F1 /* Model */,
				89878FAE28A2FE7A007915DB /* View */,
				89878FAD28A2FE13007915DB /* App */,
				898F36F828A1C6C000FEA0C8 /* Assets.xcassets */,
				898F36FA28A1C6C000FEA0C8 /* Preview Content */,
			);
			path = Fruits;
			sourceTree = "<group>";
		};
		898F36FA28A1C6C000FEA0C8 /* Preview Content */ = {
			isa = PBXGroup;
			children = (
				898F36FB28A1C6C000FEA0C8 /* Preview Assets.xcassets */,
			);
			path = "Preview Content";
			sourceTree = "<group>";
		};
/* End PBXGroup section */

/* Begin PBXNativeTarget section */
		898F36F028A1C6BD00FEA0C8 /* Fruits */ = {
			isa = PBXNativeTarget;
			buildConfigurationList = 898F36FF28A1C6C000FEA0C8 /* Build configuration list for PBXNativeTarget "Fruits" */;
			buildPhases = (
				898F36ED28A1C6BD00FEA0C8 /* Sources */,
				898F36EE28A1C6BD00FEA0C8 /* Frameworks */,
				898F36EF28A1C6BD00FEA0C8 /* Resources */,
			);
			buildRules = (
			);
			dependencies = (
			);
			name = Fruits;
			productName = Fruits;
			productReference = 898F36F128A1C6BD00FEA0C8 /* Fruits.app */;
			productType = "com.apple.product-type.application";
		};
/* End PBXNativeTarget section */

/* Begin PBXProject section */
		898F36E928A1C6BD00FEA0C8 /* Project object */ = {
			isa = PBXProject;
			attributes = {
				BuildIndependentTargetsInParallel = 1;
				LastSwiftUpdateCheck = 1340;
				LastUpgradeCheck = 1340;
				TargetAttributes = {
					898F36F028A1C6BD00FEA0C8 = {
						CreatedOnToolsVersion = 13.4.1;
					};
				};
			};
			buildConfigurationList = 898F36EC28A1C6BD00FEA0C8 /* Build configuration list for PBXProject "Fruits" */;
			compatibilityVersion = "Xcode 13.0";
			developmentRegion = en;
			hasScannedForEncodings = 0;
			knownRegions = (
				en,
				Base,
			);
			mainGroup = 898F36E828A1C6BD00FEA0C8;
			productRefGroup = 898F36F228A1C6BD00FEA0C8 /* Products */;
			projectDirPath = "";
			projectRoot = "";
			targets = (
				898F36F028A1C6BD00FEA0C8 /* Fruits */,
			);
		};
/* End PBXProject section */

/* Begin PBXResourcesBuildPhase section */
		898F36EF28A1C6BD00FEA0C8 /* Resources */ = {
			isa = PBXResourcesBuildPhase;
			buildActionMask = 2147483647;
			files = (
				898F36FC28A1C6C000FEA0C8 /* Preview Assets.xcassets in Resources */,
				898F36F928A1C6C000FEA0C8 /* Assets.xcassets in Resources */,
			);
			runOnlyForDeploymentPostprocessing = 0;
		};
/* End PBXResourcesBuildPhase section */

/* Begin PBXSourcesBuildPhase section */
		898F36ED28A1C6BD00FEA0C8 /* Sources */ = {
			isa = PBXSourcesBuildPhase;
			buildActionMask = 2147483647;
			files = (
				896F3B7E28A30A5100DA66F1 /* FruitData.swift in Sources */,
				890919CC28A44B06004CDA01 /* SourceLinkView.swift in Sources */,
				890919D528A45A88004CDA01 /* SettingsRowView.swift in Sources */,
				89878FB028A2FEA6007915DB /* FruitCardView.swift in Sources */,
				896F3B8028A314D800DA66F1 /* FruitRowView.swift in Sources */,
				89878FB228A302FE007915DB /* StartButtonView.swift in Sources */,
				896F3B8228A3181D00DA66F1 /* FruitDetailView.swift in Sources */,
				898F36F728A1C6BD00FEA0C8 /* ContentView.swift in Sources */,
				896F3B8428A31B0000DA66F1 /* FruitHeaderView.swift in Sources */,
				890919CF28A44DA6004CDA01 /* FruitNutrientView.swift in Sources */,
				89878FB428A30572007915DB /* OnboardingView.swift in Sources */,
				890919D328A45601004CDA01 /* SettingsLabelView.swift in Sources */,
				896F3B7B28A3096C00DA66F1 /* FruitModel.swift in Sources */,
				898F36F528A1C6BD00FEA0C8 /* FruitsApp.swift in Sources */,
				890919D128A451B4004CDA01 /* SettingsView.swift in Sources */,
			);
			runOnlyForDeploymentPostprocessing = 0;
		};
/* End PBXSourcesBuildPhase section */

/* Begin XCBuildConfiguration section */
		898F36FD28A1C6C000FEA0C8 /* Debug */ = {
			isa = XCBuildConfiguration;
			buildSettings = {
				ALWAYS_SEARCH_USER_PATHS = NO;
				CLANG_ANALYZER_NONNULL = YES;
				CLANG_ANALYZER_NUMBER_OBJECT_CONVERSION = YES_AGGRESSIVE;
				CLANG_CXX_LANGUAGE_STANDARD = "gnu++17";
				CLANG_ENABLE_MODULES = YES;
				CLANG_ENABLE_OBJC_ARC = YES;
				CLANG_ENABLE_OBJC_WEAK = YES;
				CLANG_WARN_BLOCK_CAPTURE_AUTORELEASING = YES;
				CLANG_WARN_BOOL_CONVERSION = YES;
				CLANG_WARN_COMMA = YES;
				CLANG_WARN_CONSTANT_CONVERSION = YES;
				CLANG_WARN_DEPRECATED_OBJC_IMPLEMENTATIONS = YES;
				CLANG_WARN_DIRECT_OBJC_ISA_USAGE = YES_ERROR;
				CLANG_WARN_DOCUMENTATION_COMMENTS = YES;
				CLANG_WARN_EMPTY_BODY = YES;
				CLANG_WARN_ENUM_CONVERSION = YES;
				CLANG_WARN_INFINITE_RECURSION = YES;
				CLANG_WARN_INT_CONVERSION = YES;
				CLANG_WARN_NON_LITERAL_NULL_CONVERSION = YES;
				CLANG_WARN_OBJC_IMPLICIT_RETAIN_SELF = YES;
				CLANG_WARN_OBJC_LITERAL_CONVERSION = YES;
				CLANG_WARN_OBJC_ROOT_CLASS = YES_ERROR;
				CLANG_WARN_QUOTED_INCLUDE_IN_FRAMEWORK_HEADER = YES;
				CLANG_WARN_RANGE_LOOP_ANALYSIS = YES;
				CLANG_WARN_STRICT_PROTOTYPES = YES;
				CLANG_WARN_SUSPICIOUS_MOVE = YES;
				CLANG_WARN_UNGUARDED_AVAILABILITY = YES_AGGRESSIVE;
				CLANG_WARN_UNREACHABLE_CODE = YES;
				CLANG_WARN__DUPLICATE_METHOD_MATCH = YES;
				COPY_PHASE_STRIP = NO;
				DEBUG_INFORMATION_FORMAT = dwarf;
				ENABLE_STRICT_OBJC_MSGSEND = YES;
				ENABLE_TESTABILITY = YES;
				GCC_C_LANGUAGE_STANDARD = gnu11;
				GCC_DYNAMIC_NO_PIC = NO;
				GCC_NO_COMMON_BLOCKS = YES;
				GCC_OPTIMIZATION_LEVEL = 0;
				GCC_PREPROCESSOR_DEFINITIONS = (
					"DEBUG=1",
					"$(inherited)",
				);
				GCC_WARN_64_TO_32_BIT_CONVERSION = YES;
				GCC_WARN_ABOUT_RETURN_TYPE = YES_ERROR;
				GCC_WARN_UNDECLARED_SELECTOR = YES;
				GCC_WARN_UNINITIALIZED_AUTOS = YES_AGGRESSIVE;
				GCC_WARN_UNUSED_FUNCTION = YES;
				GCC_WARN_UNUSED_VARIABLE = YES;
				IPHONEOS_DEPLOYMENT_TARGET = 15.5;
				MTL_ENABLE_DEBUG_INFO = INCLUDE_SOURCE;
				MTL_FAST_MATH = YES;
				ONLY_ACTIVE_ARCH = YES;
				SDKROOT = iphoneos;
				SWIFT_ACTIVE_COMPILATION_CONDITIONS = DEBUG;
				SWIFT_OPTIMIZATION_LEVEL = "-Onone";
			};
			name = Debug;
		};
		898F36FE28A1C6C000FEA0C8 /* Release */ = {
			isa = XCBuildConfiguration;
			buildSettings = {
				ALWAYS_SEARCH_USER_PATHS = NO;
				CLANG_ANALYZER_NONNULL = YES;
				CLANG_ANALYZER_NUMBER_OBJECT_CONVERSION = YES_AGGRESSIVE;
				CLANG_CXX_LANGUAGE_STANDARD = "gnu++17";
				CLANG_ENABLE_MODULES = YES;
				CLANG_ENABLE_OBJC_ARC = YES;
				CLANG_ENABLE_OBJC_WEAK = YES;
				CLANG_WARN_BLOCK_CAPTURE_AUTORELEASING = YES;
				CLANG_WARN_BOOL_CONVERSION = YES;
				CLANG_WARN_COMMA = YES;
				CLANG_WARN_CONSTANT_CONVERSION = YES;
				CLANG_WARN_DEPRECATED_OBJC_IMPLEMENTATIONS = YES;
				CLANG_WARN_DIRECT_OBJC_ISA_USAGE = YES_ERROR;
				CLANG_WARN_DOCUMENTATION_COMMENTS = YES;
				CLANG_WARN_EMPTY_BODY = YES;
				CLANG_WARN_ENUM_CONVERSION = YES;
				CLANG_WARN_INFINITE_RECURSION = YES;
				CLANG_WARN_INT_CONVERSION = YES;
				CLANG_WARN_NON_LITERAL_NULL_CONVERSION = YES;
				CLANG_WARN_OBJC_IMPLICIT_RETAIN_SELF = YES;
				CLANG_WARN_OBJC_LITERAL_CONVERSION = YES;
				CLANG_WARN_OBJC_ROOT_CLASS = YES_ERROR;
				CLANG_WARN_QUOTED_INCLUDE_IN_FRAMEWORK_HEADER = YES;
				CLANG_WARN_RANGE_LOOP_ANALYSIS = YES;
				CLANG_WARN_STRICT_PROTOTYPES = YES;
				CLANG_WARN_SUSPICIOUS_MOVE = YES;
				CLANG_WARN_UNGUARDED_AVAILABILITY = YES_AGGRESSIVE;
				CLANG_WARN_UNREACHABLE_CODE = YES;
				CLANG_WARN__DUPLICATE_METHOD_MATCH = YES;
				COPY_PHASE_STRIP = NO;
				DEBUG_INFORMATION_FORMAT = "dwarf-with-dsym";
				ENABLE_NS_ASSERTIONS = NO;
				ENABLE_STRICT_OBJC_MSGSEND = YES;
				GCC_C_LANGUAGE_STANDARD = gnu11;
				GCC_NO_COMMON_BLOCKS = YES;
				GCC_WARN_64_TO_32_BIT_CONVERSION = YES;
				GCC_WARN_ABOUT_RETURN_TYPE = YES_ERROR;
				GCC_WARN_UNDECLARED_SELECTOR = YES;
				GCC_WARN_UNINITIALIZED_AUTOS = YES_AGGRESSIVE;
				GCC_WARN_UNUSED_FUNCTION = YES;
				GCC_WARN_UNUSED_VARIABLE = YES;
				IPHONEOS_DEPLOYMENT_TARGET = 15.5;
				MTL_ENABLE_DEBUG_INFO = NO;
				MTL_FAST_MATH = YES;
				SDKROOT = iphoneos;
				SWIFT_COMPILATION_MODE = wholemodule;
				SWIFT_OPTIMIZATION_LEVEL = "-O";
				VALIDATE_PRODUCT = YES;
			};
			name = Release;
		};
		898F370028A1C6C000FEA0C8 /* Debug */ = {
			isa = XCBuildConfiguration;
			buildSettings = {
				ASSETCATALOG_COMPILER_APPICON_NAME = AppIcon;
				ASSETCATALOG_COMPILER_GLOBAL_ACCENT_COLOR_NAME = AccentColor;
				CODE_SIGN_STYLE = Automatic;
				CURRENT_PROJECT_VERSION = 1;
				DEVELOPMENT_ASSET_PATHS = "\"Fruits/Preview Content\"";
				DEVELOPMENT_TEAM = KLT864H57C;
				ENABLE_PREVIEWS = YES;
				GENERATE_INFOPLIST_FILE = YES;
				INFOPLIST_FILE = Fruits/Info.plist;
				INFOPLIST_KEY_UIApplicationSceneManifest_Generation = YES;
				INFOPLIST_KEY_UIApplicationSupportsIndirectInputEvents = YES;
				INFOPLIST_KEY_UILaunchScreen_Generation = YES;
				INFOPLIST_KEY_UISupportedInterfaceOrientations = UIInterfaceOrientationPortrait;
				INFOPLIST_KEY_UISupportedInterfaceOrientations_iPad = "UIInterfaceOrientationPortrait UIInterfaceOrientationPortraitUpsideDown UIInterfaceOrientationLandscapeLeft UIInterfaceOrientationLandscapeRight";
				INFOPLIST_KEY_UISupportedInterfaceOrientations_iPhone = "UIInterfaceOrientationPortrait UIInterfaceOrientationLandscapeLeft UIInterfaceOrientationLandscapeRight";
				LD_RUNPATH_SEARCH_PATHS = (
					"$(inherited)",
					"@executable_path/Frameworks",
				);
				MARKETING_VERSION = 1.0;
				PRODUCT_BUNDLE_IDENTIFIER = com.suslmk.Fruits;
				PRODUCT_NAME = "$(TARGET_NAME)";
				SWIFT_EMIT_LOC_STRINGS = YES;
				SWIFT_VERSION = 5.0;
				TARGETED_DEVICE_FAMILY = "1,2";
			};
			name = Debug;
		};
		898F370128A1C6C000FEA0C8 /* Release */ = {
			isa = XCBuildConfiguration;
			buildSettings = {
				ASSETCATALOG_COMPILER_APPICON_NAME = AppIcon;
				ASSETCATALOG_COMPILER_GLOBAL_ACCENT_COLOR_NAME = AccentColor;
				CODE_SIGN_STYLE = Automatic;
				CURRENT_PROJECT_VERSION = 1;
				DEVELOPMENT_ASSET_PATHS = "\"Fruits/Preview Content\"";
				DEVELOPMENT_TEAM = KLT864H57C;
				ENABLE_PREVIEWS = YES;
				GENERATE_INFOPLIST_FILE = YES;
				INFOPLIST_FILE = Fruits/Info.plist;
				INFOPLIST_KEY_UIApplicationSceneManifest_Generation = YES;
				INFOPLIST_KEY_UIApplicationSupportsIndirectInputEvents = YES;
				INFOPLIST_KEY_UILaunchScreen_Generation = YES;
				INFOPLIST_KEY_UISupportedInterfaceOrientations = UIInterfaceOrientationPortrait;
				INFOPLIST_KEY_UISupportedInterfaceOrientations_iPad = "UIInterfaceOrientationPortrait UIInterfaceOrientationPortraitUpsideDown UIInterfaceOrientationLandscapeLeft UIInterfaceOrientationLandscapeRight";
				INFOPLIST_KEY_UISupportedInterfaceOrientations_iPhone = "UIInterfaceOrientationPortrait UIInterfaceOrientationLandscapeLeft UIInterfaceOrientationLandscapeRight";
				LD_RUNPATH_SEARCH_PATHS = (
					"$(inherited)",
					"@executable_path/Frameworks",
				);
				MARKETING_VERSION = 1.0;
				PRODUCT_BUNDLE_IDENTIFIER = com.suslmk.Fruits;
				PRODUCT_NAME = "$(TARGET_NAME)";
				SWIFT_EMIT_LOC_STRINGS = YES;
				SWIFT_VERSION = 5.0;
				TARGETED_DEVICE_FAMILY = "1,2";
			};
			name = Release;
		};
/* End XCBuildConfiguration section */

/* Begin XCConfigurationList section */
		898F36EC28A1C6BD00FEA0C8 /* Build configuration list for PBXProject "Fruits" */ = {
			isa = XCConfigurationList;
			buildConfigurations = (
				898F36FD28A1C6C000FEA0C8 /* Debug */,
				898F36FE28A1C6C000FEA0C8 /* Release */,
			);
			defaultConfigurationIsVisible = 0;
			defaultConfigurationName = Release;
		};
		898F36FF28A1C6C000FEA0C8 /* Build configuration list for PBXNativeTarget "Fruits" */ = {
			isa = XCConfigurationList;
			buildConfigurations = (
				898F370028A1C6C000FEA0C8 /* Debug */,
				898F370128A1C6C000FEA0C8 /* Release */,
			);
			defaultConfigurationIsVisible = 0;
			defaultConfigurationName = Release;
		};
/* End XCConfigurationList section */
	};
	rootObject = 898F36E928A1C6BD00FEA0C8 /* Project object */;
}
